{
  "name": "tests",
  "version": "1.0.0",
  "lockfileVersion": 3,
  "requires": true,
  "packages": {
    "": {
      "name": "tests",
      "version": "1.0.0",
      "license": "ISC",
      "dependencies": {
        "dips.js": "file:../"
      }
    },
    "..": {
      "version": "0.0.1",
      "license": "MIT"
    },
    "node_modules/dips.js": {
      "resolved": "..",
      "link": true
    }
  }
}
